
Microsoft Visual Studio Solution File, Format Version 12.00
# Visual Studio Version 17
VisualStudioVersion = 17.0.31903.59
MinimumVisualStudioVersion = 10.0.40219.1
Project("{2150E333-8FDC-42A3-9474-1A3956D46DE8}") = "src", "src", "{B019BC68-2DE7-4EEB-BE0C-481C714FE5D8}"
EndProject
Project("{FAE04EC0-301F-11D3-BF4B-00C04F79EFBC}") = "AuctionService", "src\AuctionService\AuctionService.csproj", "{79056A9A-711E-4362-BE29-EA4AFD8FF64C}"
EndProject
Project("{FAE04EC0-301F-11D3-BF4B-00C04F79EFBC}") = "SearchService", "src\SearchService\SearchService.csproj", "{66603693-5B2E-4F6C-BE7C-6CA58B0E9BA8}"
EndProject
Project("{FAE04EC0-301F-11D3-BF4B-00C04F79EFBC}") = "Contracts", "src\Contracts\Contracts.csproj", "{C304C0BE-231C-470F-AE54-C6FEA12CF9DA}"
EndProject
Project("{FAE04EC0-301F-11D3-BF4B-00C04F79EFBC}") = "IdentityService", "src\IdentityService\IdentityService.csproj", "{B0E093DA-8797-4CEF-983D-EE301A7D09C3}"
EndProject
Project("{FAE04EC0-301F-11D3-BF4B-00C04F79EFBC}") = "GatewayService", "src\GatewayService\GatewayService.csproj", "{2D19032D-1866-44F5-8478-816313B597C7}"
EndProject
Project("{FAE04EC0-301F-11D3-BF4B-00C04F79EFBC}") = "BidService", "src\BidService\BidService.csproj", "{8BFBA150-A5A4-4223-AAEE-66656819093F}"
EndProject
Project("{FAE04EC0-301F-11D3-BF4B-00C04F79EFBC}") = "NotificationService", "src\NotificationService\NotificationService.csproj", "{DD033794-5B92-4B86-A018-198591A26309}"
EndProject
Global
	GlobalSection(SolutionConfigurationPlatforms) = preSolution
		Debug|Any CPU = Debug|Any CPU
		Release|Any CPU = Release|Any CPU
	EndGlobalSection
	GlobalSection(SolutionProperties) = preSolution
		HideSolutionNode = FALSE
	EndGlobalSection
	GlobalSection(ProjectConfigurationPlatforms) = postSolution
		{79056A9A-711E-4362-BE29-EA4AFD8FF64C}.Debug|Any CPU.ActiveCfg = Debug|Any CPU
		{79056A9A-711E-4362-BE29-EA4AFD8FF64C}.Debug|Any CPU.Build.0 = Debug|Any CPU
		{79056A9A-711E-4362-BE29-EA4AFD8FF64C}.Release|Any CPU.ActiveCfg = Release|Any CPU
		{79056A9A-711E-4362-BE29-EA4AFD8FF64C}.Release|Any CPU.Build.0 = Release|Any CPU
		{66603693-5B2E-4F6C-BE7C-6CA58B0E9BA8}.Debug|Any CPU.ActiveCfg = Debug|Any CPU
		{66603693-5B2E-4F6C-BE7C-6CA58B0E9BA8}.Debug|Any CPU.Build.0 = Debug|Any CPU
		{66603693-5B2E-4F6C-BE7C-6CA58B0E9BA8}.Release|Any CPU.ActiveCfg = Release|Any CPU
		{66603693-5B2E-4F6C-BE7C-6CA58B0E9BA8}.Release|Any CPU.Build.0 = Release|Any CPU
		{C304C0BE-231C-470F-AE54-C6FEA12CF9DA}.Debug|Any CPU.ActiveCfg = Debug|Any CPU
		{C304C0BE-231C-470F-AE54-C6FEA12CF9DA}.Debug|Any CPU.Build.0 = Debug|Any CPU
		{C304C0BE-231C-470F-AE54-C6FEA12CF9DA}.Release|Any CPU.ActiveCfg = Release|Any CPU
		{C304C0BE-231C-470F-AE54-C6FEA12CF9DA}.Release|Any CPU.Build.0 = Release|Any CPU
		{B0E093DA-8797-4CEF-983D-EE301A7D09C3}.Debug|Any CPU.ActiveCfg = Debug|Any CPU
		{B0E093DA-8797-4CEF-983D-EE301A7D09C3}.Debug|Any CPU.Build.0 = Debug|Any CPU
		{B0E093DA-8797-4CEF-983D-EE301A7D09C3}.Release|Any CPU.ActiveCfg = Release|Any CPU
		{B0E093DA-8797-4CEF-983D-EE301A7D09C3}.Release|Any CPU.Build.0 = Release|Any CPU
		{2D19032D-1866-44F5-8478-816313B597C7}.Debug|Any CPU.ActiveCfg = Debug|Any CPU
		{2D19032D-1866-44F5-8478-816313B597C7}.Debug|Any CPU.Build.0 = Debug|Any CPU
		{2D19032D-1866-44F5-8478-816313B597C7}.Release|Any CPU.ActiveCfg = Release|Any CPU
		{2D19032D-1866-44F5-8478-816313B597C7}.Release|Any CPU.Build.0 = Release|Any CPU
		{8BFBA150-A5A4-4223-AAEE-66656819093F}.Debug|Any CPU.ActiveCfg = Debug|Any CPU
		{8BFBA150-A5A4-4223-AAEE-66656819093F}.Debug|Any CPU.Build.0 = Debug|Any CPU
		{8BFBA150-A5A4-4223-AAEE-66656819093F}.Release|Any CPU.ActiveCfg = Release|Any CPU
		{8BFBA150-A5A4-4223-AAEE-66656819093F}.Release|Any CPU.Build.0 = Release|Any CPU
		{DD033794-5B92-4B86-A018-198591A26309}.Debug|Any CPU.ActiveCfg = Debug|Any CPU
		{DD033794-5B92-4B86-A018-198591A26309}.Debug|Any CPU.Build.0 = Debug|Any CPU
		{DD033794-5B92-4B86-A018-198591A26309}.Release|Any CPU.ActiveCfg = Release|Any CPU
		{DD033794-5B92-4B86-A018-198591A26309}.Release|Any CPU.Build.0 = Release|Any CPU
	EndGlobalSection
	GlobalSection(NestedProjects) = preSolution
		{79056A9A-711E-4362-BE29-EA4AFD8FF64C} = {B019BC68-2DE7-4EEB-BE0C-481C714FE5D8}
		{66603693-5B2E-4F6C-BE7C-6CA58B0E9BA8} = {B019BC68-2DE7-4EEB-BE0C-481C714FE5D8}
		{C304C0BE-231C-470F-AE54-C6FEA12CF9DA} = {B019BC68-2DE7-4EEB-BE0C-481C714FE5D8}
		{B0E093DA-8797-4CEF-983D-EE301A7D09C3} = {B019BC68-2DE7-4EEB-BE0C-481C714FE5D8}
		{2D19032D-1866-44F5-8478-816313B597C7} = {B019BC68-2DE7-4EEB-BE0C-481C714FE5D8}
		{8BFBA150-A5A4-4223-AAEE-66656819093F} = {B019BC68-2DE7-4EEB-BE0C-481C714FE5D8}
		{DD033794-5B92-4B86-A018-198591A26309} = {B019BC68-2DE7-4EEB-BE0C-481C714FE5D8}
	EndGlobalSection
EndGlobal
